// !$*UTF8*$!
{
	archiveVersion = 1;
	classes = {
	};
	objectVersion = 56;
	objects = {

/* Begin PBXBuildFile section */
		C378EE3A2A26A2FD00321681 /* AppDelegate.swift in Sources */ = {isa = PBXBuildFile; fileRef = C378EE392A26A2FD00321681 /* AppDelegate.swift */; };
		C378EE3C2A26A2FD00321681 /* SceneDelegate.swift in Sources */ = {isa = PBXBuildFile; fileRef = C378EE3B2A26A2FD00321681 /* SceneDelegate.swift */; };
		C378EE432A26A2FE00321681 /* Assets.xcassets in Resources */ = {isa = PBXBuildFile; fileRef = C378EE422A26A2FE00321681 /* Assets.xcassets */; };
		C378EE462A26A2FE00321681 /* LaunchScreen.storyboard in Resources */ = {isa = PBXBuildFile; fileRef = C378EE442A26A2FE00321681 /* LaunchScreen.storyboard */; };
		C378EE512A26A2FE00321681 /* ShoppingCartTests.swift in Sources */ = {isa = PBXBuildFile; fileRef = C378EE502A26A2FE00321681 /* ShoppingCartTests.swift */; };
		C378EE722A26AA4B00321681 /* APIConfig.swift in Sources */ = {isa = PBXBuildFile; fileRef = C378EE712A26AA4B00321681 /* APIConfig.swift */; };
		C378EE742A26AAEE00321681 /* APIClient.swift in Sources */ = {isa = PBXBuildFile; fileRef = C378EE732A26AAEE00321681 /* APIClient.swift */; };
		C378EE762A26AB2300321681 /* NetworkError.swift in Sources */ = {isa = PBXBuildFile; fileRef = C378EE752A26AB2300321681 /* NetworkError.swift */; };
		C378EE782A26AB5200321681 /* Endpoint.swift in Sources */ = {isa = PBXBuildFile; fileRef = C378EE772A26AB5200321681 /* Endpoint.swift */; };
		C378EE7A2A26ABA500321681 /* RequestAPIClient.swift in Sources */ = {isa = PBXBuildFile; fileRef = C378EE792A26ABA500321681 /* RequestAPIClient.swift */; };
		C378EE7D2A26AC1400321681 /* NetworkAdapter.swift in Sources */ = {isa = PBXBuildFile; fileRef = C378EE7C2A26AC1400321681 /* NetworkAdapter.swift */; };
/* End PBXBuildFile section */

/* Begin PBXContainerItemProxy section */
		C378EE4D2A26A2FE00321681 /* PBXContainerItemProxy */ = {
			isa = PBXContainerItemProxy;
			containerPortal = C378EE2E2A26A2FD00321681 /* Project object */;
			proxyType = 1;
			remoteGlobalIDString = C378EE352A26A2FD00321681;
			remoteInfo = ShoppingCart;
		};
/* End PBXContainerItemProxy section */

/* Begin PBXFileReference section */
		C378EE362A26A2FD00321681 /* ShoppingCart.app */ = {isa = PBXFileReference; explicitFileType = wrapper.application; includeInIndex = 0; path = ShoppingCart.app; sourceTree = BUILT_PRODUCTS_DIR; };
		C378EE392A26A2FD00321681 /* AppDelegate.swift */ = {isa = PBXFileReference; lastKnownFileType = sourcecode.swift; path = AppDelegate.swift; sourceTree = "<group>"; };
		C378EE3B2A26A2FD00321681 /* SceneDelegate.swift */ = {isa = PBXFileReference; lastKnownFileType = sourcecode.swift; path = SceneDelegate.swift; sourceTree = "<group>"; };
		C378EE422A26A2FE00321681 /* Assets.xcassets */ = {isa = PBXFileReference; lastKnownFileType = folder.assetcatalog; path = Assets.xcassets; sourceTree = "<group>"; };
		C378EE452A26A2FE00321681 /* Base */ = {isa = PBXFileReference; lastKnownFileType = file.storyboard; name = Base; path = Base.lproj/LaunchScreen.storyboard; sourceTree = "<group>"; };
		C378EE472A26A2FE00321681 /* Info.plist */ = {isa = PBXFileReference; lastKnownFileType = text.plist.xml; path = Info.plist; sourceTree = "<group>"; };
		C378EE4C2A26A2FE00321681 /* ShoppingCartTests.xctest */ = {isa = PBXFileReference; explicitFileType = wrapper.cfbundle; includeInIndex = 0; path = ShoppingCartTests.xctest; sourceTree = BUILT_PRODUCTS_DIR; };
		C378EE502A26A2FE00321681 /* ShoppingCartTests.swift */ = {isa = PBXFileReference; lastKnownFileType = sourcecode.swift; path = ShoppingCartTests.swift; sourceTree = "<group>"; };
		C378EE712A26AA4B00321681 /* APIConfig.swift */ = {isa = PBXFileReference; lastKnownFileType = sourcecode.swift; path = APIConfig.swift; sourceTree = "<group>"; };
		C378EE732A26AAEE00321681 /* APIClient.swift */ = {isa = PBXFileReference; lastKnownFileType = sourcecode.swift; path = APIClient.swift; sourceTree = "<group>"; };
		C378EE752A26AB2300321681 /* NetworkError.swift */ = {isa = PBXFileReference; lastKnownFileType = sourcecode.swift; path = NetworkError.swift; sourceTree = "<group>"; };
		C378EE772A26AB5200321681 /* Endpoint.swift */ = {isa = PBXFileReference; lastKnownFileType = sourcecode.swift; path = Endpoint.swift; sourceTree = "<group>"; };
		C378EE792A26ABA500321681 /* RequestAPIClient.swift */ = {isa = PBXFileReference; lastKnownFileType = sourcecode.swift; path = RequestAPIClient.swift; sourceTree = "<group>"; };
		C378EE7C2A26AC1400321681 /* NetworkAdapter.swift */ = {isa = PBXFileReference; lastKnownFileType = sourcecode.swift; path = NetworkAdapter.swift; sourceTree = "<group>"; };
/* End PBXFileReference section */

/* Begin PBXFrameworksBuildPhase section */
		C378EE332A26A2FD00321681 /* Frameworks */ = {
			isa = PBXFrameworksBuildPhase;
			buildActionMask = 2147483647;
			files = (
			);
			runOnlyForDeploymentPostprocessing = 0;
		};
		C378EE492A26A2FE00321681 /* Frameworks */ = {
			isa = PBXFrameworksBuildPhase;
			buildActionMask = 2147483647;
			files = (
			);
			runOnlyForDeploymentPostprocessing = 0;
		};
/* End PBXFrameworksBuildPhase section */

/* Begin PBXGroup section */
		C378EE2D2A26A2FD00321681 = {
			isa = PBXGroup;
			children = (
				C378EE382A26A2FD00321681 /* ShoppingCart */,
				C378EE4F2A26A2FE00321681 /* ShoppingCartTests */,
				C378EE372A26A2FD00321681 /* Products */,
			);
			sourceTree = "<group>";
		};
		C378EE372A26A2FD00321681 /* Products */ = {
			isa = PBXGroup;
			children = (
				C378EE362A26A2FD00321681 /* ShoppingCart.app */,
				C378EE4C2A26A2FE00321681 /* ShoppingCartTests.xctest */,
			);
			name = Products;
			sourceTree = "<group>";
		};
		C378EE382A26A2FD00321681 /* ShoppingCart */ = {
			isa = PBXGroup;
			children = (
				C378EE692A26A52000321681 /* AppInitializer */,
				C378EE6C2A26A55B00321681 /* Components */,
				C378EE6D2A26A56500321681 /* Features */,
				C378EE6B2A26A54B00321681 /* Networks */,
				C378EE6A2A26A54400321681 /* Resources */,
			);
			path = ShoppingCart;
			sourceTree = "<group>";
		};
		C378EE4F2A26A2FE00321681 /* ShoppingCartTests */ = {
			isa = PBXGroup;
			children = (
				C378EE502A26A2FE00321681 /* ShoppingCartTests.swift */,
			);
			path = ShoppingCartTests;
			sourceTree = "<group>";
		};
		C378EE692A26A52000321681 /* AppInitializer */ = {
			isa = PBXGroup;
			children = (
				C378EE392A26A2FD00321681 /* AppDelegate.swift */,
				C378EE3B2A26A2FD00321681 /* SceneDelegate.swift */,
				C378EE442A26A2FE00321681 /* LaunchScreen.storyboard */,
			);
			path = AppInitializer;
			sourceTree = "<group>";
		};
		C378EE6A2A26A54400321681 /* Resources */ = {
			isa = PBXGroup;
			children = (
				C378EE472A26A2FE00321681 /* Info.plist */,
				C378EE422A26A2FE00321681 /* Assets.xcassets */,
			);
			path = Resources;
			sourceTree = "<group>";
		};
		C378EE6B2A26A54B00321681 /* Networks */ = {
			isa = PBXGroup;
			children = (
				C378EE6E2A26AA0E00321681 /* APIClient */,
				C378EE6F2A26AA2F00321681 /* APIConfig */,
				C378EE7B2A26AC0200321681 /* NetworkAdapter */,
				C378EE772A26AB5200321681 /* Endpoint.swift */,
				C378EE752A26AB2300321681 /* NetworkError.swift */,
			);
			path = Networks;
			sourceTree = "<group>";
		};
		C378EE6C2A26A55B00321681 /* Components */ = {
			isa = PBXGroup;
			children = (
			);
			path = Components;
			sourceTree = "<group>";
		};
		C378EE6D2A26A56500321681 /* Features */ = {
			isa = PBXGroup;
			children = (
			);
			path = Features;
			sourceTree = "<group>";
		};
		C378EE6E2A26AA0E00321681 /* APIClient */ = {
			isa = PBXGroup;
			children = (
				C378EE732A26AAEE00321681 /* APIClient.swift */,
				C378EE792A26ABA500321681 /* RequestAPIClient.swift */,
			);
			path = APIClient;
			sourceTree = "<group>";
		};
		C378EE6F2A26AA2F00321681 /* APIConfig */ = {
			isa = PBXGroup;
			children = (
				C378EE712A26AA4B00321681 /* APIConfig.swift */,
			);
			path = APIConfig;
			sourceTree = "<group>";
		};
		C378EE7B2A26AC0200321681 /* NetworkAdapter */ = {
			isa = PBXGroup;
			children = (
				C378EE7C2A26AC1400321681 /* NetworkAdapter.swift */,
			);
			path = NetworkAdapter;
			sourceTree = "<group>";
		};
/* End PBXGroup section */

/* Begin PBXNativeTarget section */
		C378EE352A26A2FD00321681 /* ShoppingCart */ = {
			isa = PBXNativeTarget;
			buildConfigurationList = C378EE602A26A2FE00321681 /* Build configuration list for PBXNativeTarget "ShoppingCart" */;
			buildPhases = (
				C378EE322A26A2FD00321681 /* Sources */,
				C378EE332A26A2FD00321681 /* Frameworks */,
				C378EE342A26A2FD00321681 /* Resources */,
			);
			buildRules = (
			);
			dependencies = (
			);
			name = ShoppingCart;
			productName = ShoppingCart;
			productReference = C378EE362A26A2FD00321681 /* ShoppingCart.app */;
			productType = "com.apple.product-type.application";
		};
		C378EE4B2A26A2FE00321681 /* ShoppingCartTests */ = {
			isa = PBXNativeTarget;
			buildConfigurationList = C378EE632A26A2FE00321681 /* Build configuration list for PBXNativeTarget "ShoppingCartTests" */;
			buildPhases = (
				C378EE482A26A2FE00321681 /* Sources */,
				C378EE492A26A2FE00321681 /* Frameworks */,
				C378EE4A2A26A2FE00321681 /* Resources */,
			);
			buildRules = (
			);
			dependencies = (
				C378EE4E2A26A2FE00321681 /* PBXTargetDependency */,
			);
			name = ShoppingCartTests;
			productName = ShoppingCartTests;
			productReference = C378EE4C2A26A2FE00321681 /* ShoppingCartTests.xctest */;
			productType = "com.apple.product-type.bundle.unit-test";
		};
/* End PBXNativeTarget section */

/* Begin PBXProject section */
		C378EE2E2A26A2FD00321681 /* Project object */ = {
			isa = PBXProject;
			attributes = {
				BuildIndependentTargetsInParallel = 1;
				LastSwiftUpdateCheck = 1420;
				LastUpgradeCheck = 1420;
				TargetAttributes = {
					C378EE352A26A2FD00321681 = {
						CreatedOnToolsVersion = 14.2;
					};
					C378EE4B2A26A2FE00321681 = {
						CreatedOnToolsVersion = 14.2;
						TestTargetID = C378EE352A26A2FD00321681;
					};
				};
			};
			buildConfigurationList = C378EE312A26A2FD00321681 /* Build configuration list for PBXProject "ShoppingCart" */;
			compatibilityVersion = "Xcode 14.0";
			developmentRegion = en;
			hasScannedForEncodings = 0;
			knownRegions = (
				en,
				Base,
			);
			mainGroup = C378EE2D2A26A2FD00321681;
			productRefGroup = C378EE372A26A2FD00321681 /* Products */;
			projectDirPath = "";
			projectRoot = "";
			targets = (
				C378EE352A26A2FD00321681 /* ShoppingCart */,
				C378EE4B2A26A2FE00321681 /* ShoppingCartTests */,
			);
		};
/* End PBXProject section */

/* Begin PBXResourcesBuildPhase section */
		C378EE342A26A2FD00321681 /* Resources */ = {
			isa = PBXResourcesBuildPhase;
			buildActionMask = 2147483647;
			files = (
				C378EE462A26A2FE00321681 /* LaunchScreen.storyboard in Resources */,
				C378EE432A26A2FE00321681 /* Assets.xcassets in Resources */,
			);
			runOnlyForDeploymentPostprocessing = 0;
		};
		C378EE4A2A26A2FE00321681 /* Resources */ = {
			isa = PBXResourcesBuildPhase;
			buildActionMask = 2147483647;
			files = (
			);
			runOnlyForDeploymentPostprocessing = 0;
		};
/* End PBXResourcesBuildPhase section */

/* Begin PBXSourcesBuildPhase section */
		C378EE322A26A2FD00321681 /* Sources */ = {
			isa = PBXSourcesBuildPhase;
			buildActionMask = 2147483647;
			files = (
				C378EE3A2A26A2FD00321681 /* AppDelegate.swift in Sources */,
				C378EE7A2A26ABA500321681 /* RequestAPIClient.swift in Sources */,
				C378EE7D2A26AC1400321681 /* NetworkAdapter.swift in Sources */,
				C378EE3C2A26A2FD00321681 /* SceneDelegate.swift in Sources */,
				C378EE722A26AA4B00321681 /* APIConfig.swift in Sources */,
				C378EE742A26AAEE00321681 /* APIClient.swift in Sources */,
				C378EE782A26AB5200321681 /* Endpoint.swift in Sources */,
				C378EE762A26AB2300321681 /* NetworkError.swift in Sources */,
			);
			runOnlyForDeploymentPostprocessing = 0;
		};
		C378EE482A26A2FE00321681 /* Sources */ = {
			isa = PBXSourcesBuildPhase;
			buildActionMask = 2147483647;
			files = (
				C378EE512A26A2FE00321681 /* ShoppingCartTests.swift in Sources */,
			);
			runOnlyForDeploymentPostprocessing = 0;
		};
/* End PBXSourcesBuildPhase section */

/* Begin PBXTargetDependency section */
		C378EE4E2A26A2FE00321681 /* PBXTargetDependency */ = {
			isa = PBXTargetDependency;
			target = C378EE352A26A2FD00321681 /* ShoppingCart */;
			targetProxy = C378EE4D2A26A2FE00321681 /* PBXContainerItemProxy */;
		};
/* End PBXTargetDependency section */

/* Begin PBXVariantGroup section */
		C378EE442A26A2FE00321681 /* LaunchScreen.storyboard */ = {
			isa = PBXVariantGroup;
			children = (
				C378EE452A26A2FE00321681 /* Base */,
			);
			name = LaunchScreen.storyboard;
			sourceTree = "<group>";
		};
/* End PBXVariantGroup section */

/* Begin XCBuildConfiguration section */
		C378EE5E2A26A2FE00321681 /* Debug */ = {
			isa = XCBuildConfiguration;
			buildSettings = {
				ALWAYS_SEARCH_USER_PATHS = NO;
				CLANG_ANALYZER_NONNULL = YES;
				CLANG_ANALYZER_NUMBER_OBJECT_CONVERSION = YES_AGGRESSIVE;
				CLANG_CXX_LANGUAGE_STANDARD = "gnu++20";
				CLANG_ENABLE_MODULES = YES;
				CLANG_ENABLE_OBJC_ARC = YES;
				CLANG_ENABLE_OBJC_WEAK = YES;
				CLANG_WARN_BLOCK_CAPTURE_AUTORELEASING = YES;
				CLANG_WARN_BOOL_CONVERSION = YES;
				CLANG_WARN_COMMA = YES;
				CLANG_WARN_CONSTANT_CONVERSION = YES;
				CLANG_WARN_DEPRECATED_OBJC_IMPLEMENTATIONS = YES;
				CLANG_WARN_DIRECT_OBJC_ISA_USAGE = YES_ERROR;
				CLANG_WARN_DOCUMENTATION_COMMENTS = YES;
				CLANG_WARN_EMPTY_BODY = YES;
				CLANG_WARN_ENUM_CONVERSION = YES;
				CLANG_WARN_INFINITE_RECURSION = YES;
				CLANG_WARN_INT_CONVERSION = YES;
				CLANG_WARN_NON_LITERAL_NULL_CONVERSION = YES;
				CLANG_WARN_OBJC_IMPLICIT_RETAIN_SELF = YES;
				CLANG_WARN_OBJC_LITERAL_CONVERSION = YES;
				CLANG_WARN_OBJC_ROOT_CLASS = YES_ERROR;
				CLANG_WARN_QUOTED_INCLUDE_IN_FRAMEWORK_HEADER = YES;
				CLANG_WARN_RANGE_LOOP_ANALYSIS = YES;
				CLANG_WARN_STRICT_PROTOTYPES = YES;
				CLANG_WARN_SUSPICIOUS_MOVE = YES;
				CLANG_WARN_UNGUARDED_AVAILABILITY = YES_AGGRESSIVE;
				CLANG_WARN_UNREACHABLE_CODE = YES;
				CLANG_WARN__DUPLICATE_METHOD_MATCH = YES;
				COPY_PHASE_STRIP = NO;
				DEBUG_INFORMATION_FORMAT = dwarf;
				ENABLE_STRICT_OBJC_MSGSEND = YES;
				ENABLE_TESTABILITY = YES;
				GCC_C_LANGUAGE_STANDARD = gnu11;
				GCC_DYNAMIC_NO_PIC = NO;
				GCC_NO_COMMON_BLOCKS = YES;
				GCC_OPTIMIZATION_LEVEL = 0;
				GCC_PREPROCESSOR_DEFINITIONS = (
					"DEBUG=1",
					"$(inherited)",
				);
				GCC_WARN_64_TO_32_BIT_CONVERSION = YES;
				GCC_WARN_ABOUT_RETURN_TYPE = YES_ERROR;
				GCC_WARN_UNDECLARED_SELECTOR = YES;
				GCC_WARN_UNINITIALIZED_AUTOS = YES_AGGRESSIVE;
				GCC_WARN_UNUSED_FUNCTION = YES;
				GCC_WARN_UNUSED_VARIABLE = YES;
				IPHONEOS_DEPLOYMENT_TARGET = 16.2;
				MTL_ENABLE_DEBUG_INFO = INCLUDE_SOURCE;
				MTL_FAST_MATH = YES;
				ONLY_ACTIVE_ARCH = YES;
				SDKROOT = iphoneos;
				SWIFT_ACTIVE_COMPILATION_CONDITIONS = DEBUG;
				SWIFT_OPTIMIZATION_LEVEL = "-Onone";
			};
			name = Debug;
		};
		C378EE5F2A26A2FE00321681 /* Release */ = {
			isa = XCBuildConfiguration;
			buildSettings = {
				ALWAYS_SEARCH_USER_PATHS = NO;
				CLANG_ANALYZER_NONNULL = YES;
				CLANG_ANALYZER_NUMBER_OBJECT_CONVERSION = YES_AGGRESSIVE;
				CLANG_CXX_LANGUAGE_STANDARD = "gnu++20";
				CLANG_ENABLE_MODULES = YES;
				CLANG_ENABLE_OBJC_ARC = YES;
				CLANG_ENABLE_OBJC_WEAK = YES;
				CLANG_WARN_BLOCK_CAPTURE_AUTORELEASING = YES;
				CLANG_WARN_BOOL_CONVERSION = YES;
				CLANG_WARN_COMMA = YES;
				CLANG_WARN_CONSTANT_CONVERSION = YES;
				CLANG_WARN_DEPRECATED_OBJC_IMPLEMENTATIONS = YES;
				CLANG_WARN_DIRECT_OBJC_ISA_USAGE = YES_ERROR;
				CLANG_WARN_DOCUMENTATION_COMMENTS = YES;
				CLANG_WARN_EMPTY_BODY = YES;
				CLANG_WARN_ENUM_CONVERSION = YES;
				CLANG_WARN_INFINITE_RECURSION = YES;
				CLANG_WARN_INT_CONVERSION = YES;
				CLANG_WARN_NON_LITERAL_NULL_CONVERSION = YES;
				CLANG_WARN_OBJC_IMPLICIT_RETAIN_SELF = YES;
				CLANG_WARN_OBJC_LITERAL_CONVERSION = YES;
				CLANG_WARN_OBJC_ROOT_CLASS = YES_ERROR;
				CLANG_WARN_QUOTED_INCLUDE_IN_FRAMEWORK_HEADER = YES;
				CLANG_WARN_RANGE_LOOP_ANALYSIS = YES;
				CLANG_WARN_STRICT_PROTOTYPES = YES;
				CLANG_WARN_SUSPICIOUS_MOVE = YES;
				CLANG_WARN_UNGUARDED_AVAILABILITY = YES_AGGRESSIVE;
				CLANG_WARN_UNREACHABLE_CODE = YES;
				CLANG_WARN__DUPLICATE_METHOD_MATCH = YES;
				COPY_PHASE_STRIP = NO;
				DEBUG_INFORMATION_FORMAT = "dwarf-with-dsym";
				ENABLE_NS_ASSERTIONS = NO;
				ENABLE_STRICT_OBJC_MSGSEND = YES;
				GCC_C_LANGUAGE_STANDARD = gnu11;
				GCC_NO_COMMON_BLOCKS = YES;
				GCC_WARN_64_TO_32_BIT_CONVERSION = YES;
				GCC_WARN_ABOUT_RETURN_TYPE = YES_ERROR;
				GCC_WARN_UNDECLARED_SELECTOR = YES;
				GCC_WARN_UNINITIALIZED_AUTOS = YES_AGGRESSIVE;
				GCC_WARN_UNUSED_FUNCTION = YES;
				GCC_WARN_UNUSED_VARIABLE = YES;
				IPHONEOS_DEPLOYMENT_TARGET = 16.2;
				MTL_ENABLE_DEBUG_INFO = NO;
				MTL_FAST_MATH = YES;
				SDKROOT = iphoneos;
				SWIFT_COMPILATION_MODE = wholemodule;
				SWIFT_OPTIMIZATION_LEVEL = "-O";
				VALIDATE_PRODUCT = YES;
			};
			name = Release;
		};
		C378EE612A26A2FE00321681 /* Debug */ = {
			isa = XCBuildConfiguration;
			buildSettings = {
				ASSETCATALOG_COMPILER_APPICON_NAME = AppIcon;
				ASSETCATALOG_COMPILER_GLOBAL_ACCENT_COLOR_NAME = AccentColor;
				CODE_SIGN_STYLE = Automatic;
				CURRENT_PROJECT_VERSION = 1;
				GENERATE_INFOPLIST_FILE = YES;
				INFOPLIST_FILE = ShoppingCart/Info.plist;
				INFOPLIST_KEY_UIApplicationSupportsIndirectInputEvents = YES;
				INFOPLIST_KEY_UILaunchStoryboardName = LaunchScreen;
				INFOPLIST_KEY_UISupportedInterfaceOrientations_iPad = "UIInterfaceOrientationPortrait UIInterfaceOrientationPortraitUpsideDown UIInterfaceOrientationLandscapeLeft UIInterfaceOrientationLandscapeRight";
				INFOPLIST_KEY_UISupportedInterfaceOrientations_iPhone = "UIInterfaceOrientationPortrait UIInterfaceOrientationLandscapeLeft UIInterfaceOrientationLandscapeRight";
				LD_RUNPATH_SEARCH_PATHS = (
					"$(inherited)",
					"@executable_path/Frameworks",
				);
				MARKETING_VERSION = 1.0;
				PRODUCT_BUNDLE_IDENTIFIER = mmgoncalves.ShoppingCart;
				PRODUCT_NAME = "$(TARGET_NAME)";
				SWIFT_EMIT_LOC_STRINGS = YES;
				SWIFT_VERSION = 5.0;
				TARGETED_DEVICE_FAMILY = "1,2";
			};
			name = Debug;
		};
		C378EE622A26A2FE00321681 /* Release */ = {
			isa = XCBuildConfiguration;
			buildSettings = {
				ASSETCATALOG_COMPILER_APPICON_NAME = AppIcon;
				ASSETCATALOG_COMPILER_GLOBAL_ACCENT_COLOR_NAME = AccentColor;
				CODE_SIGN_STYLE = Automatic;
				CURRENT_PROJECT_VERSION = 1;
				GENERATE_INFOPLIST_FILE = YES;
				INFOPLIST_FILE = ShoppingCart/Info.plist;
				INFOPLIST_KEY_UIApplicationSupportsIndirectInputEvents = YES;
				INFOPLIST_KEY_UILaunchStoryboardName = LaunchScreen;
				INFOPLIST_KEY_UISupportedInterfaceOrientations_iPad = "UIInterfaceOrientationPortrait UIInterfaceOrientationPortraitUpsideDown UIInterfaceOrientationLandscapeLeft UIInterfaceOrientationLandscapeRight";
				INFOPLIST_KEY_UISupportedInterfaceOrientations_iPhone = "UIInterfaceOrientationPortrait UIInterfaceOrientationLandscapeLeft UIInterfaceOrientationLandscapeRight";
				LD_RUNPATH_SEARCH_PATHS = (
					"$(inherited)",
					"@executable_path/Frameworks",
				);
				MARKETING_VERSION = 1.0;
				PRODUCT_BUNDLE_IDENTIFIER = mmgoncalves.ShoppingCart;
				PRODUCT_NAME = "$(TARGET_NAME)";
				SWIFT_EMIT_LOC_STRINGS = YES;
				SWIFT_VERSION = 5.0;
				TARGETED_DEVICE_FAMILY = "1,2";
			};
			name = Release;
		};
		C378EE642A26A2FE00321681 /* Debug */ = {
			isa = XCBuildConfiguration;
			buildSettings = {
				ALWAYS_EMBED_SWIFT_STANDARD_LIBRARIES = YES;
				BUNDLE_LOADER = "$(TEST_HOST)";
				CODE_SIGN_STYLE = Automatic;
				CURRENT_PROJECT_VERSION = 1;
				GENERATE_INFOPLIST_FILE = YES;
				IPHONEOS_DEPLOYMENT_TARGET = 16.2;
				MARKETING_VERSION = 1.0;
				PRODUCT_BUNDLE_IDENTIFIER = mmgoncalves.ShoppingCartTests;
				PRODUCT_NAME = "$(TARGET_NAME)";
				SWIFT_EMIT_LOC_STRINGS = NO;
				SWIFT_VERSION = 5.0;
				TARGETED_DEVICE_FAMILY = "1,2";
				TEST_HOST = "$(BUILT_PRODUCTS_DIR)/ShoppingCart.app/$(BUNDLE_EXECUTABLE_FOLDER_PATH)/ShoppingCart";
			};
			name = Debug;
		};
		C378EE652A26A2FE00321681 /* Release */ = {
			isa = XCBuildConfiguration;
			buildSettings = {
				ALWAYS_EMBED_SWIFT_STANDARD_LIBRARIES = YES;
				BUNDLE_LOADER = "$(TEST_HOST)";
				CODE_SIGN_STYLE = Automatic;
				CURRENT_PROJECT_VERSION = 1;
				GENERATE_INFOPLIST_FILE = YES;
				IPHONEOS_DEPLOYMENT_TARGET = 16.2;
				MARKETING_VERSION = 1.0;
				PRODUCT_BUNDLE_IDENTIFIER = mmgoncalves.ShoppingCartTests;
				PRODUCT_NAME = "$(TARGET_NAME)";
				SWIFT_EMIT_LOC_STRINGS = NO;
				SWIFT_VERSION = 5.0;
				TARGETED_DEVICE_FAMILY = "1,2";
				TEST_HOST = "$(BUILT_PRODUCTS_DIR)/ShoppingCart.app/$(BUNDLE_EXECUTABLE_FOLDER_PATH)/ShoppingCart";
			};
			name = Release;
		};
/* End XCBuildConfiguration section */

/* Begin XCConfigurationList section */
		C378EE312A26A2FD00321681 /* Build configuration list for PBXProject "ShoppingCart" */ = {
			isa = XCConfigurationList;
			buildConfigurations = (
				C378EE5E2A26A2FE00321681 /* Debug */,
				C378EE5F2A26A2FE00321681 /* Release */,
			);
			defaultConfigurationIsVisible = 0;
			defaultConfigurationName = Release;
		};
		C378EE602A26A2FE00321681 /* Build configuration list for PBXNativeTarget "ShoppingCart" */ = {
			isa = XCConfigurationList;
			buildConfigurations = (
				C378EE612A26A2FE00321681 /* Debug */,
				C378EE622A26A2FE00321681 /* Release */,
			);
			defaultConfigurationIsVisible = 0;
			defaultConfigurationName = Release;
		};
		C378EE632A26A2FE00321681 /* Build configuration list for PBXNativeTarget "ShoppingCartTests" */ = {
			isa = XCConfigurationList;
			buildConfigurations = (
				C378EE642A26A2FE00321681 /* Debug */,
				C378EE652A26A2FE00321681 /* Release */,
			);
			defaultConfigurationIsVisible = 0;
			defaultConfigurationName = Release;
		};
/* End XCConfigurationList section */
	};
	rootObject = C378EE2E2A26A2FD00321681 /* Project object */;
}
